
Microsoft Visual Studio Solution File, Format Version 12.00
# Visual Studio Version 16
VisualStudioVersion = 16.0.30717.126
MinimumVisualStudioVersion = 15.0.26124.0
Project("{9A19103F-16F7-4668-BE54-9A1E7A4F7556}") = "Glob.Server.Infrastructure", "Glob.Server.Infrastructure\Glob.Server.Infrastructure.csproj", "{A22B82FF-5C27-45B8-BD85-322E74889E46}"
	ProjectSection(ProjectDependencies) = postProject
		{2E553981-9E57-4D68-9985-6A728A9A9363} = {2E553981-9E57-4D68-9985-6A728A9A9363}
	EndProjectSection
EndProject
Project("{9A19103F-16F7-4668-BE54-9A1E7A4F7556}") = "Glob.Server.Core", "Glob.Server.Core\Glob.Server.Core.csproj", "{2E553981-9E57-4D68-9985-6A728A9A9363}"
EndProject
Project("{9A19103F-16F7-4668-BE54-9A1E7A4F7556}") = "Glob.Server.Api", "Glob.Server.Api\Glob.Server.Api.csproj", "{5A0B23AD-BF17-41E1-8F9C-A5AB89D0DDDE}"
EndProject
Global
	GlobalSection(SolutionConfigurationPlatforms) = preSolution
		Debug|Any CPU = Debug|Any CPU
		Debug|x64 = Debug|x64
		Debug|x86 = Debug|x86
		Release|Any CPU = Release|Any CPU
		Release|x64 = Release|x64
		Release|x86 = Release|x86
	EndGlobalSection
	GlobalSection(ProjectConfigurationPlatforms) = postSolution
		{A22B82FF-5C27-45B8-BD85-322E74889E46}.Debug|Any CPU.ActiveCfg = Debug|Any CPU
		{A22B82FF-5C27-45B8-BD85-322E74889E46}.Debug|Any CPU.Build.0 = Debug|Any CPU
		{A22B82FF-5C27-45B8-BD85-322E74889E46}.Debug|x64.ActiveCfg = Debug|Any CPU
		{A22B82FF-5C27-45B8-BD85-322E74889E46}.Debug|x64.Build.0 = Debug|Any CPU
		{A22B82FF-5C27-45B8-BD85-322E74889E46}.Debug|x86.ActiveCfg = Debug|Any CPU
		{A22B82FF-5C27-45B8-BD85-322E74889E46}.Debug|x86.Build.0 = Debug|Any CPU
		{A22B82FF-5C27-45B8-BD85-322E74889E46}.Release|Any CPU.ActiveCfg = Release|Any CPU
		{A22B82FF-5C27-45B8-BD85-322E74889E46}.Release|Any CPU.Build.0 = Release|Any CPU
		{A22B82FF-5C27-45B8-BD85-322E74889E46}.Release|x64.ActiveCfg = Release|Any CPU
		{A22B82FF-5C27-45B8-BD85-322E74889E46}.Release|x64.Build.0 = Release|Any CPU
		{A22B82FF-5C27-45B8-BD85-322E74889E46}.Release|x86.ActiveCfg = Release|Any CPU
		{A22B82FF-5C27-45B8-BD85-322E74889E46}.Release|x86.Build.0 = Release|Any CPU
		{2E553981-9E57-4D68-9985-6A728A9A9363}.Debug|Any CPU.ActiveCfg = Debug|Any CPU
		{2E553981-9E57-4D68-9985-6A728A9A9363}.Debug|Any CPU.Build.0 = Debug|Any CPU
		{2E553981-9E57-4D68-9985-6A728A9A9363}.Debug|x64.ActiveCfg = Debug|Any CPU
		{2E553981-9E57-4D68-9985-6A728A9A9363}.Debug|x64.Build.0 = Debug|Any CPU
		{2E553981-9E57-4D68-9985-6A728A9A9363}.Debug|x86.ActiveCfg = Debug|Any CPU
		{2E553981-9E57-4D68-9985-6A728A9A9363}.Debug|x86.Build.0 = Debug|Any CPU
		{2E553981-9E57-4D68-9985-6A728A9A9363}.Release|Any CPU.ActiveCfg = Release|Any CPU
		{2E553981-9E57-4D68-9985-6A728A9A9363}.Release|Any CPU.Build.0 = Release|Any CPU
		{2E553981-9E57-4D68-9985-6A728A9A9363}.Release|x64.ActiveCfg = Release|Any CPU
		{2E553981-9E57-4D68-9985-6A728A9A9363}.Release|x64.Build.0 = Release|Any CPU
		{2E553981-9E57-4D68-9985-6A728A9A9363}.Release|x86.ActiveCfg = Release|Any CPU
		{2E553981-9E57-4D68-9985-6A728A9A9363}.Release|x86.Build.0 = Release|Any CPU
		{5A0B23AD-BF17-41E1-8F9C-A5AB89D0DDDE}.Debug|Any CPU.ActiveCfg = Debug|Any CPU
		{5A0B23AD-BF17-41E1-8F9C-A5AB89D0DDDE}.Debug|Any CPU.Build.0 = Debug|Any CPU
		{5A0B23AD-BF17-41E1-8F9C-A5AB89D0DDDE}.Debug|x64.ActiveCfg = Debug|Any CPU
		{5A0B23AD-BF17-41E1-8F9C-A5AB89D0DDDE}.Debug|x64.Build.0 = Debug|Any CPU
		{5A0B23AD-BF17-41E1-8F9C-A5AB89D0DDDE}.Debug|x86.ActiveCfg = Debug|Any CPU
		{5A0B23AD-BF17-41E1-8F9C-A5AB89D0DDDE}.Debug|x86.Build.0 = Debug|Any CPU
		{5A0B23AD-BF17-41E1-8F9C-A5AB89D0DDDE}.Release|Any CPU.ActiveCfg = Release|Any CPU
		{5A0B23AD-BF17-41E1-8F9C-A5AB89D0DDDE}.Release|Any CPU.Build.0 = Release|Any CPU
		{5A0B23AD-BF17-41E1-8F9C-A5AB89D0DDDE}.Release|x64.ActiveCfg = Release|Any CPU
		{5A0B23AD-BF17-41E1-8F9C-A5AB89D0DDDE}.Release|x64.Build.0 = Release|Any CPU
		{5A0B23AD-BF17-41E1-8F9C-A5AB89D0DDDE}.Release|x86.ActiveCfg = Release|Any CPU
		{5A0B23AD-BF17-41E1-8F9C-A5AB89D0DDDE}.Release|x86.Build.0 = Release|Any CPU
	EndGlobalSection
	GlobalSection(SolutionProperties) = preSolution
		HideSolutionNode = FALSE
	EndGlobalSection
	GlobalSection(ExtensibilityGlobals) = postSolution
		SolutionGuid = {C18BA640-8161-4E51-8C26-6C319A71B1DA}
	EndGlobalSection
EndGlobal
